
Microsoft Visual Studio Solution File, Format Version 12.00
# Visual Studio Version 17
VisualStudioVersion = 17.8.34525.116
MinimumVisualStudioVersion = 10.0.40219.1
Project("{FAE04EC0-301F-11D3-BF4B-00C04F79EFBC}") = "Lab-1", "Lab-1.csproj", "{1330CCBC-1579-4117-922B-2D7D04910415}"
EndProject
Global
	GlobalSection(SolutionConfigurationPlatforms) = preSolution
		Debug|Any CPU = Debug|Any CPU
		Release|Any CPU = Release|Any CPU
	EndGlobalSection
	GlobalSection(ProjectConfigurationPlatforms) = postSolution
		{1330CCBC-1579-4117-922B-2D7D04910415}.Debug|Any CPU.ActiveCfg = Debug|Any CPU
		{1330CCBC-1579-4117-922B-2D7D04910415}.Debug|Any CPU.Build.0 = Debug|Any CPU
		{1330CCBC-1579-4117-922B-2D7D04910415}.Release|Any CPU.ActiveCfg = Release|Any CPU
		{1330CCBC-1579-4117-922B-2D7D04910415}.Release|Any CPU.Build.0 = Release|Any CPU
	EndGlobalSection
	GlobalSection(SolutionProperties) = preSolution
		HideSolutionNode = FALSE
	EndGlobalSection
	GlobalSection(ExtensibilityGlobals) = postSolution
		SolutionGuid = {B11D1053-113F-43CD-B73E-52833ADFA79B}
	EndGlobalSection
EndGlobal
